
Microsoft Visual Studio Solution File, Format Version 12.00
# Visual Studio Version 17
VisualStudioVersion = 17.11.35431.28
MinimumVisualStudioVersion = 10.0.40219.1
Project("{FAE04EC0-301F-11D3-BF4B-00C04F79EFBC}") = "MovieDB", "MovieDB\MovieDB.csproj", "{6BB4A9F7-7D8A-44FD-A03A-39AA8CA632C9}"
EndProject
Global
	GlobalSection(SolutionConfigurationPlatforms) = preSolution
		Debug|Any CPU = Debug|Any CPU
		Release|Any CPU = Release|Any CPU
	EndGlobalSection
	GlobalSection(ProjectConfigurationPlatforms) = postSolution
		{6BB4A9F7-7D8A-44FD-A03A-39AA8CA632C9}.Debug|Any CPU.ActiveCfg = Debug|Any CPU
		{6BB4A9F7-7D8A-44FD-A03A-39AA8CA632C9}.Debug|Any CPU.Build.0 = Debug|Any CPU
		{6BB4A9F7-7D8A-44FD-A03A-39AA8CA632C9}.Release|Any CPU.ActiveCfg = Release|Any CPU
		{6BB4A9F7-7D8A-44FD-A03A-39AA8CA632C9}.Release|Any CPU.Build.0 = Release|Any CPU
	EndGlobalSection
	GlobalSection(SolutionProperties) = preSolution
		HideSolutionNode = FALSE
	EndGlobalSection
	GlobalSection(ExtensibilityGlobals) = postSolution
		SolutionGuid = {DC82CD90-ED5D-48EA-82BD-4BA1CC375CC9}
	EndGlobalSection
EndGlobal
